{
  "name": "koma-msb-service",
  "version": "1.0.0",
  "lockfileVersion": 1,
  "requires": true,
  "dependencies": {
    "node-gyp-build": {
      "version": "4.2.2",
      "resolved": "https://registry.npmjs.org/node-gyp-build/-/node-gyp-build-4.2.2.tgz",
      "integrity": "sha512-Lqh7mrByWCM8Cf9UPqpeoVBBo5Ugx+RKu885GAzmLBVYjeywScxHXPGLa4JfYNZmcNGwzR0Glu5/9GaQZMFqyA=="
    },
    "zeromq": {
      "version": "6.0.0-beta.5",
      "resolved": "https://registry.npmjs.org/zeromq/-/zeromq-6.0.0-beta.5.tgz",
      "integrity": "sha512-zsSbjfLjDxQq/Mp6NemNK/AVpm1NeafJRgz7nos1nV9MI/3w/P76pFdlqzxRTW4cuNqyFXJ4Q7g2tUhaZi4rcg==",
      "requires": {
        "node-gyp-build": "^4.1.0"
      }
    }
  }
}
